
Microsoft Visual Studio Solution File, Format Version 12.00
# Visual Studio Version 17
VisualStudioVersion = 17.12.35527.113 d17.12
MinimumVisualStudioVersion = 10.0.40219.1
Project("{FAE04EC0-301F-11D3-BF4B-00C04F79EFBC}") = "ConsoleAppCs", "ConsoleAppCs\ConsoleAppCs.csproj", "{09AB8F04-4F89-41C8-9D8B-5FA9BA58B9DE}"
EndProject
Project("{F184B08F-C81C-45F6-A57F-5ABD9991F28F}") = "ConsoleAppVb", "ConsoleAppVb\ConsoleAppVb.vbproj", "{9750E627-FEE7-4AA5-82F6-6F23FB38C769}"
EndProject
Project("{8BC9CEB8-8B4A-11D0-8D11-00A0C91BC942}") = "ConsoleAppCpp", "ConsoleAppCpp\ConsoleAppCpp.vcxproj", "{882D56EF-8471-43F7-9E00-7A713183FD5C}"
EndProject
Global
	GlobalSection(SolutionConfigurationPlatforms) = preSolution
		Debug|Any CPU = Debug|Any CPU
		Debug|x64 = Debug|x64
		Debug|x86 = Debug|x86
		Release|Any CPU = Release|Any CPU
		Release|x64 = Release|x64
		Release|x86 = Release|x86
	EndGlobalSection
	GlobalSection(ProjectConfigurationPlatforms) = postSolution
		{09AB8F04-4F89-41C8-9D8B-5FA9BA58B9DE}.Debug|Any CPU.ActiveCfg = Debug|Any CPU
		{09AB8F04-4F89-41C8-9D8B-5FA9BA58B9DE}.Debug|Any CPU.Build.0 = Debug|Any CPU
		{09AB8F04-4F89-41C8-9D8B-5FA9BA58B9DE}.Debug|x64.ActiveCfg = Debug|Any CPU
		{09AB8F04-4F89-41C8-9D8B-5FA9BA58B9DE}.Debug|x64.Build.0 = Debug|Any CPU
		{09AB8F04-4F89-41C8-9D8B-5FA9BA58B9DE}.Debug|x86.ActiveCfg = Debug|Any CPU
		{09AB8F04-4F89-41C8-9D8B-5FA9BA58B9DE}.Debug|x86.Build.0 = Debug|Any CPU
		{09AB8F04-4F89-41C8-9D8B-5FA9BA58B9DE}.Release|Any CPU.ActiveCfg = Release|Any CPU
		{09AB8F04-4F89-41C8-9D8B-5FA9BA58B9DE}.Release|Any CPU.Build.0 = Release|Any CPU
		{09AB8F04-4F89-41C8-9D8B-5FA9BA58B9DE}.Release|x64.ActiveCfg = Release|Any CPU
		{09AB8F04-4F89-41C8-9D8B-5FA9BA58B9DE}.Release|x64.Build.0 = Release|Any CPU
		{09AB8F04-4F89-41C8-9D8B-5FA9BA58B9DE}.Release|x86.ActiveCfg = Release|Any CPU
		{09AB8F04-4F89-41C8-9D8B-5FA9BA58B9DE}.Release|x86.Build.0 = Release|Any CPU
		{9750E627-FEE7-4AA5-82F6-6F23FB38C769}.Debug|Any CPU.ActiveCfg = Debug|Any CPU
		{9750E627-FEE7-4AA5-82F6-6F23FB38C769}.Debug|Any CPU.Build.0 = Debug|Any CPU
		{9750E627-FEE7-4AA5-82F6-6F23FB38C769}.Debug|x64.ActiveCfg = Debug|Any CPU
		{9750E627-FEE7-4AA5-82F6-6F23FB38C769}.Debug|x64.Build.0 = Debug|Any CPU
		{9750E627-FEE7-4AA5-82F6-6F23FB38C769}.Debug|x86.ActiveCfg = Debug|Any CPU
		{9750E627-FEE7-4AA5-82F6-6F23FB38C769}.Debug|x86.Build.0 = Debug|Any CPU
		{9750E627-FEE7-4AA5-82F6-6F23FB38C769}.Release|Any CPU.ActiveCfg = Release|Any CPU
		{9750E627-FEE7-4AA5-82F6-6F23FB38C769}.Release|Any CPU.Build.0 = Release|Any CPU
		{9750E627-FEE7-4AA5-82F6-6F23FB38C769}.Release|x64.ActiveCfg = Release|Any CPU
		{9750E627-FEE7-4AA5-82F6-6F23FB38C769}.Release|x64.Build.0 = Release|Any CPU
		{9750E627-FEE7-4AA5-82F6-6F23FB38C769}.Release|x86.ActiveCfg = Release|Any CPU
		{9750E627-FEE7-4AA5-82F6-6F23FB38C769}.Release|x86.Build.0 = Release|Any CPU
		{882D56EF-8471-43F7-9E00-7A713183FD5C}.Debug|Any CPU.ActiveCfg = Debug|x64
		{882D56EF-8471-43F7-9E00-7A713183FD5C}.Debug|Any CPU.Build.0 = Debug|x64
		{882D56EF-8471-43F7-9E00-7A713183FD5C}.Debug|x64.ActiveCfg = Debug|x64
		{882D56EF-8471-43F7-9E00-7A713183FD5C}.Debug|x64.Build.0 = Debug|x64
		{882D56EF-8471-43F7-9E00-7A713183FD5C}.Debug|x86.ActiveCfg = Debug|Win32
		{882D56EF-8471-43F7-9E00-7A713183FD5C}.Debug|x86.Build.0 = Debug|Win32
		{882D56EF-8471-43F7-9E00-7A713183FD5C}.Release|Any CPU.ActiveCfg = Release|x64
		{882D56EF-8471-43F7-9E00-7A713183FD5C}.Release|Any CPU.Build.0 = Release|x64
		{882D56EF-8471-43F7-9E00-7A713183FD5C}.Release|x64.ActiveCfg = Release|x64
		{882D56EF-8471-43F7-9E00-7A713183FD5C}.Release|x64.Build.0 = Release|x64
		{882D56EF-8471-43F7-9E00-7A713183FD5C}.Release|x86.ActiveCfg = Release|Win32
		{882D56EF-8471-43F7-9E00-7A713183FD5C}.Release|x86.Build.0 = Release|Win32
	EndGlobalSection
	GlobalSection(SolutionProperties) = preSolution
		HideSolutionNode = FALSE
	EndGlobalSection
EndGlobal
